# This file is generated by running "yarn install" inside your project.
# Manual changes might be lost - proceed with caution!

__metadata:
  version: 8
  cacheKey: 10c0

"@dramaorg/psychic-couscous@npm:^1.1.0":
  version: 1.1.0
  resolution: "@dramaorg/psychic-couscous@npm:1.1.0"
  checksum: 10c0/1187ad79a21dd509950ba3619919db40ca2f0905962fe83750bb605007177a43d36161c9ac04c8ff22ca20244077872f6ca0dce717afe38bb9f52619a12228af
  languageName: node
  linkType: hard

"@dramaorg/shiny-waddle@workspace:.":
  version: 0.0.0-use.local
  resolution: "@dramaorg/shiny-waddle@workspace:."
  dependencies:
    "@dramaorg/psychic-couscous": "npm:^1.1.0"
  languageName: unknown
  linkType: soft
